
Microsoft Visual Studio Solution File, Format Version 12.00
# Visual Studio Version 17
VisualStudioVersion = 17.5.33424.131
MinimumVisualStudioVersion = 10.0.40219.1
Project("{E24C65DC-7377-472B-9ABA-BC803B73C61A}") = "DownTimePortal(1)", "H:\Project\SWAN Project\DownTimePortal_SWAN\DownTimePortal\", "{FDEBC9EB-BF58-4551-AB1C-54727EB4DB89}"
	ProjectSection(WebsiteProperties) = preProject
		TargetFrameworkMoniker = ".NETFramework,Version%3Dv4.8"
		Debug.AspNetCompiler.VirtualPath = "/localhost_64249"
		Debug.AspNetCompiler.PhysicalPath = "H:\Project\SWAN Project\DownTimePortal_SWAN\DownTimePortal\"
		Debug.AspNetCompiler.TargetPath = "PrecompiledWeb\localhost_64249\"
		Debug.AspNetCompiler.Updateable = "true"
		Debug.AspNetCompiler.ForceOverwrite = "true"
		Debug.AspNetCompiler.FixedNames = "false"
		Debug.AspNetCompiler.Debug = "True"
		Release.AspNetCompiler.VirtualPath = "/localhost_64249"
		Release.AspNetCompiler.PhysicalPath = "H:\Project\SWAN Project\DownTimePortal_SWAN\DownTimePortal\"
		Release.AspNetCompiler.TargetPath = "PrecompiledWeb\localhost_64249\"
		Release.AspNetCompiler.Updateable = "true"
		Release.AspNetCompiler.ForceOverwrite = "true"
		Release.AspNetCompiler.FixedNames = "false"
		Release.AspNetCompiler.Debug = "False"
		VWDPort = "64249"
	EndProjectSection
EndProject
Global
	GlobalSection(SolutionConfigurationPlatforms) = preSolution
		Debug|Any CPU = Debug|Any CPU
	EndGlobalSection
	GlobalSection(ProjectConfigurationPlatforms) = postSolution
		{FDEBC9EB-BF58-4551-AB1C-54727EB4DB89}.Debug|Any CPU.ActiveCfg = Debug|Any CPU
		{FDEBC9EB-BF58-4551-AB1C-54727EB4DB89}.Debug|Any CPU.Build.0 = Debug|Any CPU
	EndGlobalSection
	GlobalSection(SolutionProperties) = preSolution
		HideSolutionNode = FALSE
	EndGlobalSection
	GlobalSection(ExtensibilityGlobals) = postSolution
		SolutionGuid = {F043BF1B-8228-492B-807C-9D875CD10B99}
	EndGlobalSection
EndGlobal
